
Microsoft Visual Studio Solution File, Format Version 12.00
# Visual Studio Version 17
VisualStudioVersion = 17.3.32901.215
MinimumVisualStudioVersion = 10.0.40219.1
Project("{9A19103F-16F7-4668-BE54-9A1E7A4F7556}") = "01. Recursive Array Sum", "01. Recursive Array Sum\01. Recursive Array Sum.csproj", "{B79D201C-4E53-447F-805B-D75588AE77BE}"
EndProject
Project("{9A19103F-16F7-4668-BE54-9A1E7A4F7556}") = "02. Recursive Factorial", "02. Recursive Factorial\02. Recursive Factorial.csproj", "{252DD618-D151-4E85-A7BC-20D6E024EC90}"
EndProject
Project("{FAE04EC0-301F-11D3-BF4B-00C04F79EFBC}") = "03. Merge Sort", "03. Merge Sort\03. Merge Sort.csproj", "{B6D30E6B-D55B-4C5E-BD87-88572F7F7E3C}"
EndProject
Project("{FAE04EC0-301F-11D3-BF4B-00C04F79EFBC}") = "04. Binary Search", "04. Binary Search\04. Binary Search.csproj", "{7B062D17-3EE2-4E68-8703-5E821AAFB32E}"
EndProject
Global
	GlobalSection(SolutionConfigurationPlatforms) = preSolution
		Debug|Any CPU = Debug|Any CPU
		Release|Any CPU = Release|Any CPU
	EndGlobalSection
	GlobalSection(ProjectConfigurationPlatforms) = postSolution
		{B79D201C-4E53-447F-805B-D75588AE77BE}.Debug|Any CPU.ActiveCfg = Debug|Any CPU
		{B79D201C-4E53-447F-805B-D75588AE77BE}.Debug|Any CPU.Build.0 = Debug|Any CPU
		{B79D201C-4E53-447F-805B-D75588AE77BE}.Release|Any CPU.ActiveCfg = Release|Any CPU
		{B79D201C-4E53-447F-805B-D75588AE77BE}.Release|Any CPU.Build.0 = Release|Any CPU
		{252DD618-D151-4E85-A7BC-20D6E024EC90}.Debug|Any CPU.ActiveCfg = Debug|Any CPU
		{252DD618-D151-4E85-A7BC-20D6E024EC90}.Debug|Any CPU.Build.0 = Debug|Any CPU
		{252DD618-D151-4E85-A7BC-20D6E024EC90}.Release|Any CPU.ActiveCfg = Release|Any CPU
		{252DD618-D151-4E85-A7BC-20D6E024EC90}.Release|Any CPU.Build.0 = Release|Any CPU
		{B6D30E6B-D55B-4C5E-BD87-88572F7F7E3C}.Debug|Any CPU.ActiveCfg = Debug|Any CPU
		{B6D30E6B-D55B-4C5E-BD87-88572F7F7E3C}.Debug|Any CPU.Build.0 = Debug|Any CPU
		{B6D30E6B-D55B-4C5E-BD87-88572F7F7E3C}.Release|Any CPU.ActiveCfg = Release|Any CPU
		{B6D30E6B-D55B-4C5E-BD87-88572F7F7E3C}.Release|Any CPU.Build.0 = Release|Any CPU
		{7B062D17-3EE2-4E68-8703-5E821AAFB32E}.Debug|Any CPU.ActiveCfg = Debug|Any CPU
		{7B062D17-3EE2-4E68-8703-5E821AAFB32E}.Debug|Any CPU.Build.0 = Debug|Any CPU
		{7B062D17-3EE2-4E68-8703-5E821AAFB32E}.Release|Any CPU.ActiveCfg = Release|Any CPU
		{7B062D17-3EE2-4E68-8703-5E821AAFB32E}.Release|Any CPU.Build.0 = Release|Any CPU
	EndGlobalSection
	GlobalSection(SolutionProperties) = preSolution
		HideSolutionNode = FALSE
	EndGlobalSection
	GlobalSection(ExtensibilityGlobals) = postSolution
		SolutionGuid = {2A6A4055-444B-4198-84E9-FE4B5F041D82}
	EndGlobalSection
EndGlobal
