
Microsoft Visual Studio Solution File, Format Version 12.00
# Visual Studio Version 17
VisualStudioVersion = 17.3.32901.215
MinimumVisualStudioVersion = 10.0.40219.1
Project("{FAE04EC0-301F-11D3-BF4B-00C04F79EFBC}") = "ListyIterator", "ListyIterator\ListyIterator.csproj", "{7439CBE7-BF1D-46CD-86A4-E562F5317143}"
EndProject
Project("{FAE04EC0-301F-11D3-BF4B-00C04F79EFBC}") = "Stack", "Stack\Stack.csproj", "{49EAD550-D078-41C1-8C4D-3A220FF1EDC0}"
EndProject
Project("{FAE04EC0-301F-11D3-BF4B-00C04F79EFBC}") = "Froggy", "Froggy\Froggy.csproj", "{082429F1-C74A-4A9A-B86F-02FA0BC946F7}"
EndProject
Project("{FAE04EC0-301F-11D3-BF4B-00C04F79EFBC}") = "ComparingObjects", "ComparingObjects\ComparingObjects.csproj", "{7D3E1C89-30E9-4D7D-A3A0-8B1FD528EA3D}"
EndProject
Project("{FAE04EC0-301F-11D3-BF4B-00C04F79EFBC}") = "CustomComparator", "CustomComparator\CustomComparator.csproj", "{860B6DD5-4ED3-44F9-8287-3FE0A5D5EAA9}"
EndProject
Global
	GlobalSection(SolutionConfigurationPlatforms) = preSolution
		Debug|Any CPU = Debug|Any CPU
		Release|Any CPU = Release|Any CPU
	EndGlobalSection
	GlobalSection(ProjectConfigurationPlatforms) = postSolution
		{7439CBE7-BF1D-46CD-86A4-E562F5317143}.Debug|Any CPU.ActiveCfg = Debug|Any CPU
		{7439CBE7-BF1D-46CD-86A4-E562F5317143}.Debug|Any CPU.Build.0 = Debug|Any CPU
		{7439CBE7-BF1D-46CD-86A4-E562F5317143}.Release|Any CPU.ActiveCfg = Release|Any CPU
		{7439CBE7-BF1D-46CD-86A4-E562F5317143}.Release|Any CPU.Build.0 = Release|Any CPU
		{49EAD550-D078-41C1-8C4D-3A220FF1EDC0}.Debug|Any CPU.ActiveCfg = Debug|Any CPU
		{49EAD550-D078-41C1-8C4D-3A220FF1EDC0}.Debug|Any CPU.Build.0 = Debug|Any CPU
		{49EAD550-D078-41C1-8C4D-3A220FF1EDC0}.Release|Any CPU.ActiveCfg = Release|Any CPU
		{49EAD550-D078-41C1-8C4D-3A220FF1EDC0}.Release|Any CPU.Build.0 = Release|Any CPU
		{082429F1-C74A-4A9A-B86F-02FA0BC946F7}.Debug|Any CPU.ActiveCfg = Debug|Any CPU
		{082429F1-C74A-4A9A-B86F-02FA0BC946F7}.Debug|Any CPU.Build.0 = Debug|Any CPU
		{082429F1-C74A-4A9A-B86F-02FA0BC946F7}.Release|Any CPU.ActiveCfg = Release|Any CPU
		{082429F1-C74A-4A9A-B86F-02FA0BC946F7}.Release|Any CPU.Build.0 = Release|Any CPU
		{7D3E1C89-30E9-4D7D-A3A0-8B1FD528EA3D}.Debug|Any CPU.ActiveCfg = Debug|Any CPU
		{7D3E1C89-30E9-4D7D-A3A0-8B1FD528EA3D}.Debug|Any CPU.Build.0 = Debug|Any CPU
		{7D3E1C89-30E9-4D7D-A3A0-8B1FD528EA3D}.Release|Any CPU.ActiveCfg = Release|Any CPU
		{7D3E1C89-30E9-4D7D-A3A0-8B1FD528EA3D}.Release|Any CPU.Build.0 = Release|Any CPU
		{860B6DD5-4ED3-44F9-8287-3FE0A5D5EAA9}.Debug|Any CPU.ActiveCfg = Debug|Any CPU
		{860B6DD5-4ED3-44F9-8287-3FE0A5D5EAA9}.Debug|Any CPU.Build.0 = Debug|Any CPU
		{860B6DD5-4ED3-44F9-8287-3FE0A5D5EAA9}.Release|Any CPU.ActiveCfg = Release|Any CPU
		{860B6DD5-4ED3-44F9-8287-3FE0A5D5EAA9}.Release|Any CPU.Build.0 = Release|Any CPU
	EndGlobalSection
	GlobalSection(SolutionProperties) = preSolution
		HideSolutionNode = FALSE
	EndGlobalSection
	GlobalSection(ExtensibilityGlobals) = postSolution
		SolutionGuid = {DAF676CB-6634-4240-8F67-B4839F6BC8A8}
	EndGlobalSection
EndGlobal
