
Microsoft Visual Studio Solution File, Format Version 12.00
# Visual Studio Version 17
VisualStudioVersion = 17.8.34511.84
MinimumVisualStudioVersion = 10.0.40219.1
Project("{FAE04EC0-301F-11D3-BF4B-00C04F79EFBC}") = "ChatApp", "ChatApp\ChatApp.csproj", "{48FA3B78-BF14-4D6C-9F32-BE4C20C02C51}"
EndProject
Global
	GlobalSection(SolutionConfigurationPlatforms) = preSolution
		Debug|Any CPU = Debug|Any CPU
		Release|Any CPU = Release|Any CPU
	EndGlobalSection
	GlobalSection(ProjectConfigurationPlatforms) = postSolution
		{48FA3B78-BF14-4D6C-9F32-BE4C20C02C51}.Debug|Any CPU.ActiveCfg = Debug|Any CPU
		{48FA3B78-BF14-4D6C-9F32-BE4C20C02C51}.Debug|Any CPU.Build.0 = Debug|Any CPU
		{48FA3B78-BF14-4D6C-9F32-BE4C20C02C51}.Release|Any CPU.ActiveCfg = Release|Any CPU
		{48FA3B78-BF14-4D6C-9F32-BE4C20C02C51}.Release|Any CPU.Build.0 = Release|Any CPU
	EndGlobalSection
	GlobalSection(SolutionProperties) = preSolution
		HideSolutionNode = FALSE
	EndGlobalSection
	GlobalSection(ExtensibilityGlobals) = postSolution
		SolutionGuid = {B3160CE1-E2C9-49BD-AE55-6F7C9C9BB250}
	EndGlobalSection
EndGlobal
