
Microsoft Visual Studio Solution File, Format Version 12.00
# Visual Studio Version 17
VisualStudioVersion = 17.3.32901.215
MinimumVisualStudioVersion = 10.0.40219.1
Project("{FAE04EC0-301F-11D3-BF4B-00C04F79EFBC}") = "01. Sort Even Numbers", "01. Sort Even Numbers\01. Sort Even Numbers.csproj", "{FF10140E-4DEC-45DF-A61F-A374120DD016}"
EndProject
Project("{FAE04EC0-301F-11D3-BF4B-00C04F79EFBC}") = "02. Sum Numbers", "02. Sum Numbers\02. Sum Numbers.csproj", "{F31A4EE7-6560-4536-8D83-2F7E42A1EB23}"
EndProject
Project("{FAE04EC0-301F-11D3-BF4B-00C04F79EFBC}") = "03. Count Uppercase Words", "03. Count Uppercase Words\03. Count Uppercase Words.csproj", "{C10CFFE0-9273-416F-BB54-B117DC72AB58}"
EndProject
Project("{FAE04EC0-301F-11D3-BF4B-00C04F79EFBC}") = "04. Add VAT", "04. Add VAT\04. Add VAT.csproj", "{76DFF7CB-268B-4D76-8902-CC8C132810E9}"
EndProject
Project("{FAE04EC0-301F-11D3-BF4B-00C04F79EFBC}") = "05. Filter By Age", "05. Filter By Age\05. Filter By Age.csproj", "{BD888220-175B-48E3-B6E2-EF8DA6D5A76D}"
EndProject
Global
	GlobalSection(SolutionConfigurationPlatforms) = preSolution
		Debug|Any CPU = Debug|Any CPU
		Release|Any CPU = Release|Any CPU
	EndGlobalSection
	GlobalSection(ProjectConfigurationPlatforms) = postSolution
		{FF10140E-4DEC-45DF-A61F-A374120DD016}.Debug|Any CPU.ActiveCfg = Debug|Any CPU
		{FF10140E-4DEC-45DF-A61F-A374120DD016}.Debug|Any CPU.Build.0 = Debug|Any CPU
		{FF10140E-4DEC-45DF-A61F-A374120DD016}.Release|Any CPU.ActiveCfg = Release|Any CPU
		{FF10140E-4DEC-45DF-A61F-A374120DD016}.Release|Any CPU.Build.0 = Release|Any CPU
		{F31A4EE7-6560-4536-8D83-2F7E42A1EB23}.Debug|Any CPU.ActiveCfg = Debug|Any CPU
		{F31A4EE7-6560-4536-8D83-2F7E42A1EB23}.Debug|Any CPU.Build.0 = Debug|Any CPU
		{F31A4EE7-6560-4536-8D83-2F7E42A1EB23}.Release|Any CPU.ActiveCfg = Release|Any CPU
		{F31A4EE7-6560-4536-8D83-2F7E42A1EB23}.Release|Any CPU.Build.0 = Release|Any CPU
		{C10CFFE0-9273-416F-BB54-B117DC72AB58}.Debug|Any CPU.ActiveCfg = Debug|Any CPU
		{C10CFFE0-9273-416F-BB54-B117DC72AB58}.Debug|Any CPU.Build.0 = Debug|Any CPU
		{C10CFFE0-9273-416F-BB54-B117DC72AB58}.Release|Any CPU.ActiveCfg = Release|Any CPU
		{C10CFFE0-9273-416F-BB54-B117DC72AB58}.Release|Any CPU.Build.0 = Release|Any CPU
		{76DFF7CB-268B-4D76-8902-CC8C132810E9}.Debug|Any CPU.ActiveCfg = Debug|Any CPU
		{76DFF7CB-268B-4D76-8902-CC8C132810E9}.Debug|Any CPU.Build.0 = Debug|Any CPU
		{76DFF7CB-268B-4D76-8902-CC8C132810E9}.Release|Any CPU.ActiveCfg = Release|Any CPU
		{76DFF7CB-268B-4D76-8902-CC8C132810E9}.Release|Any CPU.Build.0 = Release|Any CPU
		{BD888220-175B-48E3-B6E2-EF8DA6D5A76D}.Debug|Any CPU.ActiveCfg = Debug|Any CPU
		{BD888220-175B-48E3-B6E2-EF8DA6D5A76D}.Debug|Any CPU.Build.0 = Debug|Any CPU
		{BD888220-175B-48E3-B6E2-EF8DA6D5A76D}.Release|Any CPU.ActiveCfg = Release|Any CPU
		{BD888220-175B-48E3-B6E2-EF8DA6D5A76D}.Release|Any CPU.Build.0 = Release|Any CPU
	EndGlobalSection
	GlobalSection(SolutionProperties) = preSolution
		HideSolutionNode = FALSE
	EndGlobalSection
	GlobalSection(ExtensibilityGlobals) = postSolution
		SolutionGuid = {77BFE012-745F-494E-A898-8B4CE7EEEAA2}
	EndGlobalSection
EndGlobal
