
Microsoft Visual Studio Solution File, Format Version 12.00
# Visual Studio Version 17
VisualStudioVersion = 17.3.32901.215
MinimumVisualStudioVersion = 10.0.40219.1
Project("{FAE04EC0-301F-11D3-BF4B-00C04F79EFBC}") = "Operations", "Operations\Operations.csproj", "{958C3C18-4EF8-4524-8DC2-2E943F792509}"
EndProject
Project("{FAE04EC0-301F-11D3-BF4B-00C04F79EFBC}") = "Animals", "Animals\Animals.csproj", "{EB61EA19-9F78-4847-8549-5C11941389B5}"
EndProject
Project("{FAE04EC0-301F-11D3-BF4B-00C04F79EFBC}") = "Shapes", "Shapes\Shapes.csproj", "{241CC761-1B46-466B-8243-94CCB63D2B93}"
EndProject
Global
	GlobalSection(SolutionConfigurationPlatforms) = preSolution
		Debug|Any CPU = Debug|Any CPU
		Release|Any CPU = Release|Any CPU
	EndGlobalSection
	GlobalSection(ProjectConfigurationPlatforms) = postSolution
		{958C3C18-4EF8-4524-8DC2-2E943F792509}.Debug|Any CPU.ActiveCfg = Debug|Any CPU
		{958C3C18-4EF8-4524-8DC2-2E943F792509}.Debug|Any CPU.Build.0 = Debug|Any CPU
		{958C3C18-4EF8-4524-8DC2-2E943F792509}.Release|Any CPU.ActiveCfg = Release|Any CPU
		{958C3C18-4EF8-4524-8DC2-2E943F792509}.Release|Any CPU.Build.0 = Release|Any CPU
		{EB61EA19-9F78-4847-8549-5C11941389B5}.Debug|Any CPU.ActiveCfg = Debug|Any CPU
		{EB61EA19-9F78-4847-8549-5C11941389B5}.Debug|Any CPU.Build.0 = Debug|Any CPU
		{EB61EA19-9F78-4847-8549-5C11941389B5}.Release|Any CPU.ActiveCfg = Release|Any CPU
		{EB61EA19-9F78-4847-8549-5C11941389B5}.Release|Any CPU.Build.0 = Release|Any CPU
		{241CC761-1B46-466B-8243-94CCB63D2B93}.Debug|Any CPU.ActiveCfg = Debug|Any CPU
		{241CC761-1B46-466B-8243-94CCB63D2B93}.Debug|Any CPU.Build.0 = Debug|Any CPU
		{241CC761-1B46-466B-8243-94CCB63D2B93}.Release|Any CPU.ActiveCfg = Release|Any CPU
		{241CC761-1B46-466B-8243-94CCB63D2B93}.Release|Any CPU.Build.0 = Release|Any CPU
	EndGlobalSection
	GlobalSection(SolutionProperties) = preSolution
		HideSolutionNode = FALSE
	EndGlobalSection
	GlobalSection(ExtensibilityGlobals) = postSolution
		SolutionGuid = {7D971505-1715-42DF-8F31-AEDD429E3FDE}
	EndGlobalSection
EndGlobal
