
Microsoft Visual Studio Solution File, Format Version 12.00
# Visual Studio Version 17
VisualStudioVersion = 17.8.34511.84
MinimumVisualStudioVersion = 10.0.40219.1
Project("{FAE04EC0-301F-11D3-BF4B-00C04F79EFBC}") = "TaskBoard", "TaskBoard\TaskBoard.csproj", "{155B7AF1-7045-4651-8A71-4FDDD249E37A}"
EndProject
Global
	GlobalSection(SolutionConfigurationPlatforms) = preSolution
		Debug|Any CPU = Debug|Any CPU
		Release|Any CPU = Release|Any CPU
	EndGlobalSection
	GlobalSection(ProjectConfigurationPlatforms) = postSolution
		{155B7AF1-7045-4651-8A71-4FDDD249E37A}.Debug|Any CPU.ActiveCfg = Debug|Any CPU
		{155B7AF1-7045-4651-8A71-4FDDD249E37A}.Debug|Any CPU.Build.0 = Debug|Any CPU
		{155B7AF1-7045-4651-8A71-4FDDD249E37A}.Release|Any CPU.ActiveCfg = Release|Any CPU
		{155B7AF1-7045-4651-8A71-4FDDD249E37A}.Release|Any CPU.Build.0 = Release|Any CPU
	EndGlobalSection
	GlobalSection(SolutionProperties) = preSolution
		HideSolutionNode = FALSE
	EndGlobalSection
	GlobalSection(ExtensibilityGlobals) = postSolution
		SolutionGuid = {8C3F7AE9-9E8F-4E05-964A-8683A3039D99}
	EndGlobalSection
EndGlobal
